// !$*UTF8*$!
{
	archiveVersion = 1;
	classes = {
	};
	objectVersion = 56;
	objects = {

/* Begin PBXBuildFile section */
		C02047D52C89364300233D1E /* AppDelegate.swift in Sources */ = {isa = PBXBuildFile; fileRef = C02047D42C89364300233D1E /* AppDelegate.swift */; };
		C02047D72C89364300233D1E /* SceneDelegate.swift in Sources */ = {isa = PBXBuildFile; fileRef = C02047D62C89364300233D1E /* SceneDelegate.swift */; };
		C02047D92C89364300233D1E /* ViewController.swift in Sources */ = {isa = PBXBuildFile; fileRef = C02047D82C89364300233D1E /* ViewController.swift */; };
		C02047DC2C89364300233D1E /* Base in Resources */ = {isa = PBXBuildFile; fileRef = C02047DB2C89364300233D1E /* Base */; };
		C02047DF2C89364300233D1E /* Mod1CreativeAppGruper.xcdatamodeld in Sources */ = {isa = PBXBuildFile; fileRef = C02047DD2C89364300233D1E /* Mod1CreativeAppGruper.xcdatamodeld */; };
		C02047E12C89364C00233D1E /* Assets.xcassets in Resources */ = {isa = PBXBuildFile; fileRef = C02047E02C89364C00233D1E /* Assets.xcassets */; };
		C02047E42C89364C00233D1E /* Base in Resources */ = {isa = PBXBuildFile; fileRef = C02047E32C89364C00233D1E /* Base */; };
		C02047EF2C89364C00233D1E /* Mod1CreativeAppGruperTests.swift in Sources */ = {isa = PBXBuildFile; fileRef = C02047EE2C89364C00233D1E /* Mod1CreativeAppGruperTests.swift */; };
		C02047F92C89364C00233D1E /* Mod1CreativeAppGruperUITests.swift in Sources */ = {isa = PBXBuildFile; fileRef = C02047F82C89364C00233D1E /* Mod1CreativeAppGruperUITests.swift */; };
		C02047FB2C89364C00233D1E /* Mod1CreativeAppGruperUITestsLaunchTests.swift in Sources */ = {isa = PBXBuildFile; fileRef = C02047FA2C89364C00233D1E /* Mod1CreativeAppGruperUITestsLaunchTests.swift */; };
/* End PBXBuildFile section */

/* Begin PBXContainerItemProxy section */
		C02047EB2C89364C00233D1E /* PBXContainerItemProxy */ = {
			isa = PBXContainerItemProxy;
			containerPortal = C02047C92C89364300233D1E /* Project object */;
			proxyType = 1;
			remoteGlobalIDString = C02047D02C89364300233D1E;
			remoteInfo = Mod1CreativeAppGruper;
		};
		C02047F52C89364C00233D1E /* PBXContainerItemProxy */ = {
			isa = PBXContainerItemProxy;
			containerPortal = C02047C92C89364300233D1E /* Project object */;
			proxyType = 1;
			remoteGlobalIDString = C02047D02C89364300233D1E;
			remoteInfo = Mod1CreativeAppGruper;
		};
/* End PBXContainerItemProxy section */

/* Begin PBXFileReference section */
		C02047D12C89364300233D1E /* Mod1CreativeAppGruper.app */ = {isa = PBXFileReference; explicitFileType = wrapper.application; includeInIndex = 0; path = Mod1CreativeAppGruper.app; sourceTree = BUILT_PRODUCTS_DIR; };
		C02047D42C89364300233D1E /* AppDelegate.swift */ = {isa = PBXFileReference; lastKnownFileType = sourcecode.swift; path = AppDelegate.swift; sourceTree = "<group>"; };
		C02047D62C89364300233D1E /* SceneDelegate.swift */ = {isa = PBXFileReference; lastKnownFileType = sourcecode.swift; path = SceneDelegate.swift; sourceTree = "<group>"; };
		C02047D82C89364300233D1E /* ViewController.swift */ = {isa = PBXFileReference; lastKnownFileType = sourcecode.swift; path = ViewController.swift; sourceTree = "<group>"; };
		C02047DB2C89364300233D1E /* Base */ = {isa = PBXFileReference; lastKnownFileType = file.storyboard; name = Base; path = Base.lproj/Main.storyboard; sourceTree = "<group>"; };
		C02047DE2C89364300233D1E /* Mod1CreativeAppGruper.xcdatamodel */ = {isa = PBXFileReference; lastKnownFileType = wrapper.xcdatamodel; path = Mod1CreativeAppGruper.xcdatamodel; sourceTree = "<group>"; };
		C02047E02C89364C00233D1E /* Assets.xcassets */ = {isa = PBXFileReference; lastKnownFileType = folder.assetcatalog; path = Assets.xcassets; sourceTree = "<group>"; };
		C02047E32C89364C00233D1E /* Base */ = {isa = PBXFileReference; lastKnownFileType = file.storyboard; name = Base; path = Base.lproj/LaunchScreen.storyboard; sourceTree = "<group>"; };
		C02047E52C89364C00233D1E /* Info.plist */ = {isa = PBXFileReference; lastKnownFileType = text.plist.xml; path = Info.plist; sourceTree = "<group>"; };
		C02047EA2C89364C00233D1E /* Mod1CreativeAppGruperTests.xctest */ = {isa = PBXFileReference; explicitFileType = wrapper.cfbundle; includeInIndex = 0; path = Mod1CreativeAppGruperTests.xctest; sourceTree = BUILT_PRODUCTS_DIR; };
		C02047EE2C89364C00233D1E /* Mod1CreativeAppGruperTests.swift */ = {isa = PBXFileReference; lastKnownFileType = sourcecode.swift; path = Mod1CreativeAppGruperTests.swift; sourceTree = "<group>"; };
		C02047F42C89364C00233D1E /* Mod1CreativeAppGruperUITests.xctest */ = {isa = PBXFileReference; explicitFileType = wrapper.cfbundle; includeInIndex = 0; path = Mod1CreativeAppGruperUITests.xctest; sourceTree = BUILT_PRODUCTS_DIR; };
		C02047F82C89364C00233D1E /* Mod1CreativeAppGruperUITests.swift */ = {isa = PBXFileReference; lastKnownFileType = sourcecode.swift; path = Mod1CreativeAppGruperUITests.swift; sourceTree = "<group>"; };
		C02047FA2C89364C00233D1E /* Mod1CreativeAppGruperUITestsLaunchTests.swift */ = {isa = PBXFileReference; lastKnownFileType = sourcecode.swift; path = Mod1CreativeAppGruperUITestsLaunchTests.swift; sourceTree = "<group>"; };
/* End PBXFileReference section */

/* Begin PBXFrameworksBuildPhase section */
		C02047CE2C89364300233D1E /* Frameworks */ = {
			isa = PBXFrameworksBuildPhase;
			buildActionMask = 2147483647;
			files = (
			);
			runOnlyForDeploymentPostprocessing = 0;
		};
		C02047E72C89364C00233D1E /* Frameworks */ = {
			isa = PBXFrameworksBuildPhase;
			buildActionMask = 2147483647;
			files = (
			);
			runOnlyForDeploymentPostprocessing = 0;
		};
		C02047F12C89364C00233D1E /* Frameworks */ = {
			isa = PBXFrameworksBuildPhase;
			buildActionMask = 2147483647;
			files = (
			);
			runOnlyForDeploymentPostprocessing = 0;
		};
/* End PBXFrameworksBuildPhase section */

/* Begin PBXGroup section */
		C02047C82C89364300233D1E = {
			isa = PBXGroup;
			children = (
				C02047D32C89364300233D1E /* Mod1CreativeAppGruper */,
				C02047ED2C89364C00233D1E /* Mod1CreativeAppGruperTests */,
				C02047F72C89364C00233D1E /* Mod1CreativeAppGruperUITests */,
				C02047D22C89364300233D1E /* Products */,
			);
			sourceTree = "<group>";
		};
		C02047D22C89364300233D1E /* Products */ = {
			isa = PBXGroup;
			children = (
				C02047D12C89364300233D1E /* Mod1CreativeAppGruper.app */,
				C02047EA2C89364C00233D1E /* Mod1CreativeAppGruperTests.xctest */,
				C02047F42C89364C00233D1E /* Mod1CreativeAppGruperUITests.xctest */,
			);
			name = Products;
			sourceTree = "<group>";
		};
		C02047D32C89364300233D1E /* Mod1CreativeAppGruper */ = {
			isa = PBXGroup;
			children = (
				C02047D42C89364300233D1E /* AppDelegate.swift */,
				C02047D62C89364300233D1E /* SceneDelegate.swift */,
				C02047D82C89364300233D1E /* ViewController.swift */,
				C02047DA2C89364300233D1E /* Main.storyboard */,
				C02047E02C89364C00233D1E /* Assets.xcassets */,
				C02047E22C89364C00233D1E /* LaunchScreen.storyboard */,
				C02047E52C89364C00233D1E /* Info.plist */,
				C02047DD2C89364300233D1E /* Mod1CreativeAppGruper.xcdatamodeld */,
			);
			path = Mod1CreativeAppGruper;
			sourceTree = "<group>";
		};
		C02047ED2C89364C00233D1E /* Mod1CreativeAppGruperTests */ = {
			isa = PBXGroup;
			children = (
				C02047EE2C89364C00233D1E /* Mod1CreativeAppGruperTests.swift */,
			);
			path = Mod1CreativeAppGruperTests;
			sourceTree = "<group>";
		};
		C02047F72C89364C00233D1E /* Mod1CreativeAppGruperUITests */ = {
			isa = PBXGroup;
			children = (
				C02047F82C89364C00233D1E /* Mod1CreativeAppGruperUITests.swift */,
				C02047FA2C89364C00233D1E /* Mod1CreativeAppGruperUITestsLaunchTests.swift */,
			);
			path = Mod1CreativeAppGruperUITests;
			sourceTree = "<group>";
		};
/* End PBXGroup section */

/* Begin PBXNativeTarget section */
		C02047D02C89364300233D1E /* Mod1CreativeAppGruper */ = {
			isa = PBXNativeTarget;
			buildConfigurationList = C02047FE2C89364C00233D1E /* Build configuration list for PBXNativeTarget "Mod1CreativeAppGruper" */;
			buildPhases = (
				C02047CD2C89364300233D1E /* Sources */,
				C02047CE2C89364300233D1E /* Frameworks */,
				C02047CF2C89364300233D1E /* Resources */,
			);
			buildRules = (
			);
			dependencies = (
			);
			name = Mod1CreativeAppGruper;
			productName = Mod1CreativeAppGruper;
			productReference = C02047D12C89364300233D1E /* Mod1CreativeAppGruper.app */;
			productType = "com.apple.product-type.application";
		};
		C02047E92C89364C00233D1E /* Mod1CreativeAppGruperTests */ = {
			isa = PBXNativeTarget;
			buildConfigurationList = C02048012C89364C00233D1E /* Build configuration list for PBXNativeTarget "Mod1CreativeAppGruperTests" */;
			buildPhases = (
				C02047E62C89364C00233D1E /* Sources */,
				C02047E72C89364C00233D1E /* Frameworks */,
				C02047E82C89364C00233D1E /* Resources */,
			);
			buildRules = (
			);
			dependencies = (
				C02047EC2C89364C00233D1E /* PBXTargetDependency */,
			);
			name = Mod1CreativeAppGruperTests;
			productName = Mod1CreativeAppGruperTests;
			productReference = C02047EA2C89364C00233D1E /* Mod1CreativeAppGruperTests.xctest */;
			productType = "com.apple.product-type.bundle.unit-test";
		};
		C02047F32C89364C00233D1E /* Mod1CreativeAppGruperUITests */ = {
			isa = PBXNativeTarget;
			buildConfigurationList = C02048042C89364C00233D1E /* Build configuration list for PBXNativeTarget "Mod1CreativeAppGruperUITests" */;
			buildPhases = (
				C02047F02C89364C00233D1E /* Sources */,
				C02047F12C89364C00233D1E /* Frameworks */,
				C02047F22C89364C00233D1E /* Resources */,
			);
			buildRules = (
			);
			dependencies = (
				C02047F62C89364C00233D1E /* PBXTargetDependency */,
			);
			name = Mod1CreativeAppGruperUITests;
			productName = Mod1CreativeAppGruperUITests;
			productReference = C02047F42C89364C00233D1E /* Mod1CreativeAppGruperUITests.xctest */;
			productType = "com.apple.product-type.bundle.ui-testing";
		};
/* End PBXNativeTarget section */

/* Begin PBXProject section */
		C02047C92C89364300233D1E /* Project object */ = {
			isa = PBXProject;
			attributes = {
				BuildIndependentTargetsInParallel = 1;
				LastSwiftUpdateCheck = 1540;
				LastUpgradeCheck = 1540;
				TargetAttributes = {
					C02047D02C89364300233D1E = {
						CreatedOnToolsVersion = 15.4;
					};
					C02047E92C89364C00233D1E = {
						CreatedOnToolsVersion = 15.4;
						TestTargetID = C02047D02C89364300233D1E;
					};
					C02047F32C89364C00233D1E = {
						CreatedOnToolsVersion = 15.4;
						TestTargetID = C02047D02C89364300233D1E;
					};
				};
			};
			buildConfigurationList = C02047CC2C89364300233D1E /* Build configuration list for PBXProject "Mod1CreativeAppGruper" */;
			compatibilityVersion = "Xcode 14.0";
			developmentRegion = en;
			hasScannedForEncodings = 0;
			knownRegions = (
				en,
				Base,
			);
			mainGroup = C02047C82C89364300233D1E;
			productRefGroup = C02047D22C89364300233D1E /* Products */;
			projectDirPath = "";
			projectRoot = "";
			targets = (
				C02047D02C89364300233D1E /* Mod1CreativeAppGruper */,
				C02047E92C89364C00233D1E /* Mod1CreativeAppGruperTests */,
				C02047F32C89364C00233D1E /* Mod1CreativeAppGruperUITests */,
			);
		};
/* End PBXProject section */

/* Begin PBXResourcesBuildPhase section */
		C02047CF2C89364300233D1E /* Resources */ = {
			isa = PBXResourcesBuildPhase;
			buildActionMask = 2147483647;
			files = (
				C02047E12C89364C00233D1E /* Assets.xcassets in Resources */,
				C02047E42C89364C00233D1E /* Base in Resources */,
				C02047DC2C89364300233D1E /* Base in Resources */,
			);
			runOnlyForDeploymentPostprocessing = 0;
		};
		C02047E82C89364C00233D1E /* Resources */ = {
			isa = PBXResourcesBuildPhase;
			buildActionMask = 2147483647;
			files = (
			);
			runOnlyForDeploymentPostprocessing = 0;
		};
		C02047F22C89364C00233D1E /* Resources */ = {
			isa = PBXResourcesBuildPhase;
			buildActionMask = 2147483647;
			files = (
			);
			runOnlyForDeploymentPostprocessing = 0;
		};
/* End PBXResourcesBuildPhase section */

/* Begin PBXSourcesBuildPhase section */
		C02047CD2C89364300233D1E /* Sources */ = {
			isa = PBXSourcesBuildPhase;
			buildActionMask = 2147483647;
			files = (
				C02047DF2C89364300233D1E /* Mod1CreativeAppGruper.xcdatamodeld in Sources */,
				C02047D92C89364300233D1E /* ViewController.swift in Sources */,
				C02047D52C89364300233D1E /* AppDelegate.swift in Sources */,
				C02047D72C89364300233D1E /* SceneDelegate.swift in Sources */,
			);
			runOnlyForDeploymentPostprocessing = 0;
		};
		C02047E62C89364C00233D1E /* Sources */ = {
			isa = PBXSourcesBuildPhase;
			buildActionMask = 2147483647;
			files = (
				C02047EF2C89364C00233D1E /* Mod1CreativeAppGruperTests.swift in Sources */,
			);
			runOnlyForDeploymentPostprocessing = 0;
		};
		C02047F02C89364C00233D1E /* Sources */ = {
			isa = PBXSourcesBuildPhase;
			buildActionMask = 2147483647;
			files = (
				C02047F92C89364C00233D1E /* Mod1CreativeAppGruperUITests.swift in Sources */,
				C02047FB2C89364C00233D1E /* Mod1CreativeAppGruperUITestsLaunchTests.swift in Sources */,
			);
			runOnlyForDeploymentPostprocessing = 0;
		};
/* End PBXSourcesBuildPhase section */

/* Begin PBXTargetDependency section */
		C02047EC2C89364C00233D1E /* PBXTargetDependency */ = {
			isa = PBXTargetDependency;
			target = C02047D02C89364300233D1E /* Mod1CreativeAppGruper */;
			targetProxy = C02047EB2C89364C00233D1E /* PBXContainerItemProxy */;
		};
		C02047F62C89364C00233D1E /* PBXTargetDependency */ = {
			isa = PBXTargetDependency;
			target = C02047D02C89364300233D1E /* Mod1CreativeAppGruper */;
			targetProxy = C02047F52C89364C00233D1E /* PBXContainerItemProxy */;
		};
/* End PBXTargetDependency section */

/* Begin PBXVariantGroup section */
		C02047DA2C89364300233D1E /* Main.storyboard */ = {
			isa = PBXVariantGroup;
			children = (
				C02047DB2C89364300233D1E /* Base */,
			);
			name = Main.storyboard;
			sourceTree = "<group>";
		};
		C02047E22C89364C00233D1E /* LaunchScreen.storyboard */ = {
			isa = PBXVariantGroup;
			children = (
				C02047E32C89364C00233D1E /* Base */,
			);
			name = LaunchScreen.storyboard;
			sourceTree = "<group>";
		};
/* End PBXVariantGroup section */

/* Begin XCBuildConfiguration section */
		C02047FC2C89364C00233D1E /* Debug */ = {
			isa = XCBuildConfiguration;
			buildSettings = {
				ALWAYS_SEARCH_USER_PATHS = NO;
				ASSETCATALOG_COMPILER_GENERATE_SWIFT_ASSET_SYMBOL_EXTENSIONS = YES;
				CLANG_ANALYZER_NONNULL = YES;
				CLANG_ANALYZER_NUMBER_OBJECT_CONVERSION = YES_AGGRESSIVE;
				CLANG_CXX_LANGUAGE_STANDARD = "gnu++20";
				CLANG_ENABLE_MODULES = YES;
				CLANG_ENABLE_OBJC_ARC = YES;
				CLANG_ENABLE_OBJC_WEAK = YES;
				CLANG_WARN_BLOCK_CAPTURE_AUTORELEASING = YES;
				CLANG_WARN_BOOL_CONVERSION = YES;
				CLANG_WARN_COMMA = YES;
				CLANG_WARN_CONSTANT_CONVERSION = YES;
				CLANG_WARN_DEPRECATED_OBJC_IMPLEMENTATIONS = YES;
				CLANG_WARN_DIRECT_OBJC_ISA_USAGE = YES_ERROR;
				CLANG_WARN_DOCUMENTATION_COMMENTS = YES;
				CLANG_WARN_EMPTY_BODY = YES;
				CLANG_WARN_ENUM_CONVERSION = YES;
				CLANG_WARN_INFINITE_RECURSION = YES;
				CLANG_WARN_INT_CONVERSION = YES;
				CLANG_WARN_NON_LITERAL_NULL_CONVERSION = YES;
				CLANG_WARN_OBJC_IMPLICIT_RETAIN_SELF = YES;
				CLANG_WARN_OBJC_LITERAL_CONVERSION = YES;
				CLANG_WARN_OBJC_ROOT_CLASS = YES_ERROR;
				CLANG_WARN_QUOTED_INCLUDE_IN_FRAMEWORK_HEADER = YES;
				CLANG_WARN_RANGE_LOOP_ANALYSIS = YES;
				CLANG_WARN_STRICT_PROTOTYPES = YES;
				CLANG_WARN_SUSPICIOUS_MOVE = YES;
				CLANG_WARN_UNGUARDED_AVAILABILITY = YES_AGGRESSIVE;
				CLANG_WARN_UNREACHABLE_CODE = YES;
				CLANG_WARN__DUPLICATE_METHOD_MATCH = YES;
				COPY_PHASE_STRIP = NO;
				DEBUG_INFORMATION_FORMAT = dwarf;
				ENABLE_STRICT_OBJC_MSGSEND = YES;
				ENABLE_TESTABILITY = YES;
				ENABLE_USER_SCRIPT_SANDBOXING = YES;
				GCC_C_LANGUAGE_STANDARD = gnu17;
				GCC_DYNAMIC_NO_PIC = NO;
				GCC_NO_COMMON_BLOCKS = YES;
				GCC_OPTIMIZATION_LEVEL = 0;
				GCC_PREPROCESSOR_DEFINITIONS = (
					"DEBUG=1",
					"$(inherited)",
				);
				GCC_WARN_64_TO_32_BIT_CONVERSION = YES;
				GCC_WARN_ABOUT_RETURN_TYPE = YES_ERROR;
				GCC_WARN_UNDECLARED_SELECTOR = YES;
				GCC_WARN_UNINITIALIZED_AUTOS = YES_AGGRESSIVE;
				GCC_WARN_UNUSED_FUNCTION = YES;
				GCC_WARN_UNUSED_VARIABLE = YES;
				IPHONEOS_DEPLOYMENT_TARGET = 17.5;
				LOCALIZATION_PREFERS_STRING_CATALOGS = YES;
				MTL_ENABLE_DEBUG_INFO = INCLUDE_SOURCE;
				MTL_FAST_MATH = YES;
				ONLY_ACTIVE_ARCH = YES;
				SDKROOT = iphoneos;
				SWIFT_ACTIVE_COMPILATION_CONDITIONS = "DEBUG $(inherited)";
				SWIFT_OPTIMIZATION_LEVEL = "-Onone";
			};
			name = Debug;
		};
		C02047FD2C89364C00233D1E /* Release */ = {
			isa = XCBuildConfiguration;
			buildSettings = {
				ALWAYS_SEARCH_USER_PATHS = NO;
				ASSETCATALOG_COMPILER_GENERATE_SWIFT_ASSET_SYMBOL_EXTENSIONS = YES;
				CLANG_ANALYZER_NONNULL = YES;
				CLANG_ANALYZER_NUMBER_OBJECT_CONVERSION = YES_AGGRESSIVE;
				CLANG_CXX_LANGUAGE_STANDARD = "gnu++20";
				CLANG_ENABLE_MODULES = YES;
				CLANG_ENABLE_OBJC_ARC = YES;
				CLANG_ENABLE_OBJC_WEAK = YES;
				CLANG_WARN_BLOCK_CAPTURE_AUTORELEASING = YES;
				CLANG_WARN_BOOL_CONVERSION = YES;
				CLANG_WARN_COMMA = YES;
				CLANG_WARN_CONSTANT_CONVERSION = YES;
				CLANG_WARN_DEPRECATED_OBJC_IMPLEMENTATIONS = YES;
				CLANG_WARN_DIRECT_OBJC_ISA_USAGE = YES_ERROR;
				CLANG_WARN_DOCUMENTATION_COMMENTS = YES;
				CLANG_WARN_EMPTY_BODY = YES;
				CLANG_WARN_ENUM_CONVERSION = YES;
				CLANG_WARN_INFINITE_RECURSION = YES;
				CLANG_WARN_INT_CONVERSION = YES;
				CLANG_WARN_NON_LITERAL_NULL_CONVERSION = YES;
				CLANG_WARN_OBJC_IMPLICIT_RETAIN_SELF = YES;
				CLANG_WARN_OBJC_LITERAL_CONVERSION = YES;
				CLANG_WARN_OBJC_ROOT_CLASS = YES_ERROR;
				CLANG_WARN_QUOTED_INCLUDE_IN_FRAMEWORK_HEADER = YES;
				CLANG_WARN_RANGE_LOOP_ANALYSIS = YES;
				CLANG_WARN_STRICT_PROTOTYPES = YES;
				CLANG_WARN_SUSPICIOUS_MOVE = YES;
				CLANG_WARN_UNGUARDED_AVAILABILITY = YES_AGGRESSIVE;
				CLANG_WARN_UNREACHABLE_CODE = YES;
				CLANG_WARN__DUPLICATE_METHOD_MATCH = YES;
				COPY_PHASE_STRIP = NO;
				DEBUG_INFORMATION_FORMAT = "dwarf-with-dsym";
				ENABLE_NS_ASSERTIONS = NO;
				ENABLE_STRICT_OBJC_MSGSEND = YES;
				ENABLE_USER_SCRIPT_SANDBOXING = YES;
				GCC_C_LANGUAGE_STANDARD = gnu17;
				GCC_NO_COMMON_BLOCKS = YES;
				GCC_WARN_64_TO_32_BIT_CONVERSION = YES;
				GCC_WARN_ABOUT_RETURN_TYPE = YES_ERROR;
				GCC_WARN_UNDECLARED_SELECTOR = YES;
				GCC_WARN_UNINITIALIZED_AUTOS = YES_AGGRESSIVE;
				GCC_WARN_UNUSED_FUNCTION = YES;
				GCC_WARN_UNUSED_VARIABLE = YES;
				IPHONEOS_DEPLOYMENT_TARGET = 17.5;
				LOCALIZATION_PREFERS_STRING_CATALOGS = YES;
				MTL_ENABLE_DEBUG_INFO = NO;
				MTL_FAST_MATH = YES;
				SDKROOT = iphoneos;
				SWIFT_COMPILATION_MODE = wholemodule;
				VALIDATE_PRODUCT = YES;
			};
			name = Release;
		};
		C02047FF2C89364C00233D1E /* Debug */ = {
			isa = XCBuildConfiguration;
			buildSettings = {
				ASSETCATALOG_COMPILER_APPICON_NAME = AppIcon;
				ASSETCATALOG_COMPILER_GLOBAL_ACCENT_COLOR_NAME = AccentColor;
				CODE_SIGN_STYLE = Automatic;
				CURRENT_PROJECT_VERSION = 1;
				DEVELOPMENT_TEAM = 9RK5649GTL;
				GENERATE_INFOPLIST_FILE = YES;
				INFOPLIST_FILE = Mod1CreativeAppGruper/Info.plist;
				INFOPLIST_KEY_UIApplicationSupportsIndirectInputEvents = YES;
				INFOPLIST_KEY_UILaunchStoryboardName = LaunchScreen;
				INFOPLIST_KEY_UIMainStoryboardFile = Main;
				INFOPLIST_KEY_UISupportedInterfaceOrientations_iPad = "UIInterfaceOrientationPortrait UIInterfaceOrientationPortraitUpsideDown UIInterfaceOrientationLandscapeLeft UIInterfaceOrientationLandscapeRight";
				INFOPLIST_KEY_UISupportedInterfaceOrientations_iPhone = "UIInterfaceOrientationPortrait UIInterfaceOrientationLandscapeLeft UIInterfaceOrientationLandscapeRight";
				LD_RUNPATH_SEARCH_PATHS = (
					"$(inherited)",
					"@executable_path/Frameworks",
				);
				MARKETING_VERSION = 1.0;
				PRODUCT_BUNDLE_IDENTIFIER = michaelGruper.Mod1CreativeAppGruper;
				PRODUCT_NAME = "$(TARGET_NAME)";
				SWIFT_EMIT_LOC_STRINGS = YES;
				SWIFT_VERSION = 5.0;
				TARGETED_DEVICE_FAMILY = "1,2";
			};
			name = Debug;
		};
		C02048002C89364C00233D1E /* Release */ = {
			isa = XCBuildConfiguration;
			buildSettings = {
				ASSETCATALOG_COMPILER_APPICON_NAME = AppIcon;
				ASSETCATALOG_COMPILER_GLOBAL_ACCENT_COLOR_NAME = AccentColor;
				CODE_SIGN_STYLE = Automatic;
				CURRENT_PROJECT_VERSION = 1;
				DEVELOPMENT_TEAM = 9RK5649GTL;
				GENERATE_INFOPLIST_FILE = YES;
				INFOPLIST_FILE = Mod1CreativeAppGruper/Info.plist;
				INFOPLIST_KEY_UIApplicationSupportsIndirectInputEvents = YES;
				INFOPLIST_KEY_UILaunchStoryboardName = LaunchScreen;
				INFOPLIST_KEY_UIMainStoryboardFile = Main;
				INFOPLIST_KEY_UISupportedInterfaceOrientations_iPad = "UIInterfaceOrientationPortrait UIInterfaceOrientationPortraitUpsideDown UIInterfaceOrientationLandscapeLeft UIInterfaceOrientationLandscapeRight";
				INFOPLIST_KEY_UISupportedInterfaceOrientations_iPhone = "UIInterfaceOrientationPortrait UIInterfaceOrientationLandscapeLeft UIInterfaceOrientationLandscapeRight";
				LD_RUNPATH_SEARCH_PATHS = (
					"$(inherited)",
					"@executable_path/Frameworks",
				);
				MARKETING_VERSION = 1.0;
				PRODUCT_BUNDLE_IDENTIFIER = michaelGruper.Mod1CreativeAppGruper;
				PRODUCT_NAME = "$(TARGET_NAME)";
				SWIFT_EMIT_LOC_STRINGS = YES;
				SWIFT_VERSION = 5.0;
				TARGETED_DEVICE_FAMILY = "1,2";
			};
			name = Release;
		};
		C02048022C89364C00233D1E /* Debug */ = {
			isa = XCBuildConfiguration;
			buildSettings = {
				ALWAYS_EMBED_SWIFT_STANDARD_LIBRARIES = YES;
				BUNDLE_LOADER = "$(TEST_HOST)";
				CODE_SIGN_STYLE = Automatic;
				CURRENT_PROJECT_VERSION = 1;
				DEVELOPMENT_TEAM = 9RK5649GTL;
				GENERATE_INFOPLIST_FILE = YES;
				IPHONEOS_DEPLOYMENT_TARGET = 17.5;
				MARKETING_VERSION = 1.0;
				PRODUCT_BUNDLE_IDENTIFIER = michaelGruper.Mod1CreativeAppGruperTests;
				PRODUCT_NAME = "$(TARGET_NAME)";
				SWIFT_EMIT_LOC_STRINGS = NO;
				SWIFT_VERSION = 5.0;
				TARGETED_DEVICE_FAMILY = "1,2";
				TEST_HOST = "$(BUILT_PRODUCTS_DIR)/Mod1CreativeAppGruper.app/$(BUNDLE_EXECUTABLE_FOLDER_PATH)/Mod1CreativeAppGruper";
			};
			name = Debug;
		};
		C02048032C89364C00233D1E /* Release */ = {
			isa = XCBuildConfiguration;
			buildSettings = {
				ALWAYS_EMBED_SWIFT_STANDARD_LIBRARIES = YES;
				BUNDLE_LOADER = "$(TEST_HOST)";
				CODE_SIGN_STYLE = Automatic;
				CURRENT_PROJECT_VERSION = 1;
				DEVELOPMENT_TEAM = 9RK5649GTL;
				GENERATE_INFOPLIST_FILE = YES;
				IPHONEOS_DEPLOYMENT_TARGET = 17.5;
				MARKETING_VERSION = 1.0;
				PRODUCT_BUNDLE_IDENTIFIER = michaelGruper.Mod1CreativeAppGruperTests;
				PRODUCT_NAME = "$(TARGET_NAME)";
				SWIFT_EMIT_LOC_STRINGS = NO;
				SWIFT_VERSION = 5.0;
				TARGETED_DEVICE_FAMILY = "1,2";
				TEST_HOST = "$(BUILT_PRODUCTS_DIR)/Mod1CreativeAppGruper.app/$(BUNDLE_EXECUTABLE_FOLDER_PATH)/Mod1CreativeAppGruper";
			};
			name = Release;
		};
		C02048052C89364C00233D1E /* Debug */ = {
			isa = XCBuildConfiguration;
			buildSettings = {
				ALWAYS_EMBED_SWIFT_STANDARD_LIBRARIES = YES;
				CODE_SIGN_STYLE = Automatic;
				CURRENT_PROJECT_VERSION = 1;
				DEVELOPMENT_TEAM = 9RK5649GTL;
				GENERATE_INFOPLIST_FILE = YES;
				MARKETING_VERSION = 1.0;
				PRODUCT_BUNDLE_IDENTIFIER = michaelGruper.Mod1CreativeAppGruperUITests;
				PRODUCT_NAME = "$(TARGET_NAME)";
				SWIFT_EMIT_LOC_STRINGS = NO;
				SWIFT_VERSION = 5.0;
				TARGETED_DEVICE_FAMILY = "1,2";
				TEST_TARGET_NAME = Mod1CreativeAppGruper;
			};
			name = Debug;
		};
		C02048062C89364C00233D1E /* Release */ = {
			isa = XCBuildConfiguration;
			buildSettings = {
				ALWAYS_EMBED_SWIFT_STANDARD_LIBRARIES = YES;
				CODE_SIGN_STYLE = Automatic;
				CURRENT_PROJECT_VERSION = 1;
				DEVELOPMENT_TEAM = 9RK5649GTL;
				GENERATE_INFOPLIST_FILE = YES;
				MARKETING_VERSION = 1.0;
				PRODUCT_BUNDLE_IDENTIFIER = michaelGruper.Mod1CreativeAppGruperUITests;
				PRODUCT_NAME = "$(TARGET_NAME)";
				SWIFT_EMIT_LOC_STRINGS = NO;
				SWIFT_VERSION = 5.0;
				TARGETED_DEVICE_FAMILY = "1,2";
				TEST_TARGET_NAME = Mod1CreativeAppGruper;
			};
			name = Release;
		};
/* End XCBuildConfiguration section */

/* Begin XCConfigurationList section */
		C02047CC2C89364300233D1E /* Build configuration list for PBXProject "Mod1CreativeAppGruper" */ = {
			isa = XCConfigurationList;
			buildConfigurations = (
				C02047FC2C89364C00233D1E /* Debug */,
				C02047FD2C89364C00233D1E /* Release */,
			);
			defaultConfigurationIsVisible = 0;
			defaultConfigurationName = Release;
		};
		C02047FE2C89364C00233D1E /* Build configuration list for PBXNativeTarget "Mod1CreativeAppGruper" */ = {
			isa = XCConfigurationList;
			buildConfigurations = (
				C02047FF2C89364C00233D1E /* Debug */,
				C02048002C89364C00233D1E /* Release */,
			);
			defaultConfigurationIsVisible = 0;
			defaultConfigurationName = Release;
		};
		C02048012C89364C00233D1E /* Build configuration list for PBXNativeTarget "Mod1CreativeAppGruperTests" */ = {
			isa = XCConfigurationList;
			buildConfigurations = (
				C02048022C89364C00233D1E /* Debug */,
				C02048032C89364C00233D1E /* Release */,
			);
			defaultConfigurationIsVisible = 0;
			defaultConfigurationName = Release;
		};
		C02048042C89364C00233D1E /* Build configuration list for PBXNativeTarget "Mod1CreativeAppGruperUITests" */ = {
			isa = XCConfigurationList;
			buildConfigurations = (
				C02048052C89364C00233D1E /* Debug */,
				C02048062C89364C00233D1E /* Release */,
			);
			defaultConfigurationIsVisible = 0;
			defaultConfigurationName = Release;
		};
/* End XCConfigurationList section */

/* Begin XCVersionGroup section */
		C02047DD2C89364300233D1E /* Mod1CreativeAppGruper.xcdatamodeld */ = {
			isa = XCVersionGroup;
			children = (
				C02047DE2C89364300233D1E /* Mod1CreativeAppGruper.xcdatamodel */,
			);
			currentVersion = C02047DE2C89364300233D1E /* Mod1CreativeAppGruper.xcdatamodel */;
			path = Mod1CreativeAppGruper.xcdatamodeld;
			sourceTree = "<group>";
			versionGroupType = wrapper.xcdatamodel;
		};
/* End XCVersionGroup section */
	};
	rootObject = C02047C92C89364300233D1E /* Project object */;
}
